
Microsoft Visual Studio Solution File, Format Version 12.00
# Visual Studio 14
VisualStudioVersion = 14.0.25420.1
MinimumVisualStudioVersion = 10.0.40219.1
Project("{FAE04EC0-301F-11D3-BF4B-00C04F79EFBC}") = "CSOD", "CSOD\CSOD.csproj", "{0D4A45E6-F6F9-4786-9D20-9EBF0E345AD8}"
EndProject
Project("{FAE04EC0-301F-11D3-BF4B-00C04F79EFBC}") = "CSOD.Test", "CSOD.Test\CSOD.Test.csproj", "{FBA6223B-A808-400E-9466-27E9ACC7C68C}"
EndProject
Global
	GlobalSection(SolutionConfigurationPlatforms) = preSolution
		Debug|Any CPU = Debug|Any CPU
		Release|Any CPU = Release|Any CPU
	EndGlobalSection
	GlobalSection(ProjectConfigurationPlatforms) = postSolution
		{0D4A45E6-F6F9-4786-9D20-9EBF0E345AD8}.Debug|Any CPU.ActiveCfg = Debug|Any CPU
		{0D4A45E6-F6F9-4786-9D20-9EBF0E345AD8}.Debug|Any CPU.Build.0 = Debug|Any CPU
		{0D4A45E6-F6F9-4786-9D20-9EBF0E345AD8}.Release|Any CPU.ActiveCfg = Release|Any CPU
		{0D4A45E6-F6F9-4786-9D20-9EBF0E345AD8}.Release|Any CPU.Build.0 = Release|Any CPU
		{FBA6223B-A808-400E-9466-27E9ACC7C68C}.Debug|Any CPU.ActiveCfg = Debug|Any CPU
		{FBA6223B-A808-400E-9466-27E9ACC7C68C}.Debug|Any CPU.Build.0 = Debug|Any CPU
		{FBA6223B-A808-400E-9466-27E9ACC7C68C}.Release|Any CPU.ActiveCfg = Release|Any CPU
		{FBA6223B-A808-400E-9466-27E9ACC7C68C}.Release|Any CPU.Build.0 = Release|Any CPU
	EndGlobalSection
	GlobalSection(SolutionProperties) = preSolution
		HideSolutionNode = FALSE
	EndGlobalSection
EndGlobal
